
Microsoft Visual Studio Solution File, Format Version 12.00
# Visual Studio Version 17
VisualStudioVersion = 17.2.32630.192
MinimumVisualStudioVersion = 10.0.40219.1
Project("{FAE04EC0-301F-11D3-BF4B-00C04F79EFBC}") = "Organizer-WASM", "Organizer-WASM\Organizer-WASM.csproj", "{4149A971-EB54-41C4-84F1-BD60627912CD}"
EndProject
Global
	GlobalSection(SolutionConfigurationPlatforms) = preSolution
		Debug|Any CPU = Debug|Any CPU
		Release|Any CPU = Release|Any CPU
	EndGlobalSection
	GlobalSection(ProjectConfigurationPlatforms) = postSolution
		{4149A971-EB54-41C4-84F1-BD60627912CD}.Debug|Any CPU.ActiveCfg = Debug|Any CPU
		{4149A971-EB54-41C4-84F1-BD60627912CD}.Debug|Any CPU.Build.0 = Debug|Any CPU
		{4149A971-EB54-41C4-84F1-BD60627912CD}.Release|Any CPU.ActiveCfg = Release|Any CPU
		{4149A971-EB54-41C4-84F1-BD60627912CD}.Release|Any CPU.Build.0 = Release|Any CPU
	EndGlobalSection
	GlobalSection(SolutionProperties) = preSolution
		HideSolutionNode = FALSE
	EndGlobalSection
	GlobalSection(ExtensibilityGlobals) = postSolution
		SolutionGuid = {ED0FDEF9-1D88-47C3-9B97-5ED93A8408EF}
	EndGlobalSection
EndGlobal
